<?xml version="1.0" encoding="utf-8"?>
<Project ToolsVersion="4.0" xmlns="http://schemas.microsoft.com/developer/msbuild/2003">
  <ItemGroup>
    <Filter Include="CRTP">
      <UniqueIdentifier>{de3ed2bb-2a20-4cb5-b38c-2d8a059d4780}</UniqueIdentifier>
    </Filter>
    <Filter Include="Mixin">
      <UniqueIdentifier>{28786ffc-2013-49f8-86f9-683651b88157}</UniqueIdentifier>
    </Filter>
    <Filter Include="속성">
      <UniqueIdentifier>{5b9ebb86-fde4-4961-9d58-bb0965b77e79}</UniqueIdentifier>
    </Filter>
  </ItemGroup>
  <ItemGroup>
    <ClCompile Include="CRTP.cpp">
      <Filter>CRTP</Filter>
    </ClCompile>
    <ClCompile Include="CRTP_Practice.cpp">
      <Filter>CRTP</Filter>
    </ClCompile>
    <ClCompile Include="Mixin.cpp">
      <Filter>Mixin</Filter>
    </ClCompile>
    <ClCompile Include="속성.cpp">
      <Filter>속성</Filter>
    </ClCompile>
  </ItemGroup>
</Project>